
Microsoft Visual Studio Solution File, Format Version 12.00
# Visual Studio 2012
Project("{FAE04EC0-301F-11D3-BF4B-00C04F79EFBC}") = "ConsoleApplication1", "ConsoleApplication1\ConsoleApplication1.csproj", "{7239DC57-18E9-4F44-A0E1-AA838C00259B}"
EndProject
Project("{2150E333-8FDC-42A3-9474-1A3956D46DE8}") = ".nuget", ".nuget", "{ECA3C5C9-ED3B-4384-9F30-F13FECEBCF14}"
	ProjectSection(SolutionItems) = preProject
		.nuget\NuGet.Config = .nuget\NuGet.Config
		.nuget\NuGet.exe = .nuget\NuGet.exe
		.nuget\NuGet.targets = .nuget\NuGet.targets
	EndProjectSection
EndProject
Global
	GlobalSection(SolutionConfigurationPlatforms) = preSolution
		Debug|Any CPU = Debug|Any CPU
		Release|Any CPU = Release|Any CPU
	EndGlobalSection
	GlobalSection(ProjectConfigurationPlatforms) = postSolution
		{7239DC57-18E9-4F44-A0E1-AA838C00259B}.Debug|Any CPU.ActiveCfg = Debug|Any CPU
		{7239DC57-18E9-4F44-A0E1-AA838C00259B}.Debug|Any CPU.Build.0 = Debug|Any CPU
		{7239DC57-18E9-4F44-A0E1-AA838C00259B}.Release|Any CPU.ActiveCfg = Release|Any CPU
		{7239DC57-18E9-4F44-A0E1-AA838C00259B}.Release|Any CPU.Build.0 = Release|Any CPU
	EndGlobalSection
	GlobalSection(SolutionProperties) = preSolution
		HideSolutionNode = FALSE
	EndGlobalSection
EndGlobal
